
Microsoft Visual Studio Solution File, Format Version 12.00
# Visual Studio Version 16
VisualStudioVersion = 16.0.29613.14
MinimumVisualStudioVersion = 10.0.40219.1
Project("{FAE04EC0-301F-11D3-BF4B-00C04F79EFBC}") = "ZumoGUI", "ZumoGUI\ZumoGUI.csproj", "{4A093FCE-77CA-4956-A306-CB33D5675635}"
EndProject
Global
	GlobalSection(SolutionConfigurationPlatforms) = preSolution
		Debug|Any CPU = Debug|Any CPU
		Release|Any CPU = Release|Any CPU
	EndGlobalSection
	GlobalSection(ProjectConfigurationPlatforms) = postSolution
		{4A093FCE-77CA-4956-A306-CB33D5675635}.Debug|Any CPU.ActiveCfg = Debug|Any CPU
		{4A093FCE-77CA-4956-A306-CB33D5675635}.Debug|Any CPU.Build.0 = Debug|Any CPU
		{4A093FCE-77CA-4956-A306-CB33D5675635}.Release|Any CPU.ActiveCfg = Release|Any CPU
		{4A093FCE-77CA-4956-A306-CB33D5675635}.Release|Any CPU.Build.0 = Release|Any CPU
	EndGlobalSection
	GlobalSection(SolutionProperties) = preSolution
		HideSolutionNode = FALSE
	EndGlobalSection
	GlobalSection(ExtensibilityGlobals) = postSolution
		SolutionGuid = {D7427E83-6A62-42D8-93B7-14D55262ECCA}
	EndGlobalSection
EndGlobal
